// !$*UTF8*$!
{
	archiveVersion = 1;
	classes = {
	};
	objectVersion = 50;
	objects = {

/* Begin PBXBuildFile section */
		1FA3C3ED24EB11B700295FFA /* AppDelegate.swift in Sources */ = {isa = PBXBuildFile; fileRef = 1FA3C3EC24EB11B700295FFA /* AppDelegate.swift */; };
		1FA3C3EF24EB11B700295FFA /* SceneDelegate.swift in Sources */ = {isa = PBXBuildFile; fileRef = 1FA3C3EE24EB11B700295FFA /* SceneDelegate.swift */; };
		1FA3C3F124EB11B700295FFA /* ViewController.swift in Sources */ = {isa = PBXBuildFile; fileRef = 1FA3C3F024EB11B700295FFA /* ViewController.swift */; };
		1FA3C3F424EB11B700295FFA /* Main.storyboard in Resources */ = {isa = PBXBuildFile; fileRef = 1FA3C3F224EB11B700295FFA /* Main.storyboard */; };
		1FA3C3F624EB11BD00295FFA /* Assets.xcassets in Resources */ = {isa = PBXBuildFile; fileRef = 1FA3C3F524EB11BD00295FFA /* Assets.xcassets */; };
		1FA3C3F924EB11BD00295FFA /* LaunchScreen.storyboard in Resources */ = {isa = PBXBuildFile; fileRef = 1FA3C3F724EB11BD00295FFA /* LaunchScreen.storyboard */; };
/* End PBXBuildFile section */

/* Begin PBXFileReference section */
		1FA3C3E924EB11B700295FFA /* AroundTheMetro.app */ = {isa = PBXFileReference; explicitFileType = wrapper.application; includeInIndex = 0; path = AroundTheMetro.app; sourceTree = BUILT_PRODUCTS_DIR; };
		1FA3C3EC24EB11B700295FFA /* AppDelegate.swift */ = {isa = PBXFileReference; lastKnownFileType = sourcecode.swift; path = AppDelegate.swift; sourceTree = "<group>"; };
		1FA3C3EE24EB11B700295FFA /* SceneDelegate.swift */ = {isa = PBXFileReference; lastKnownFileType = sourcecode.swift; path = SceneDelegate.swift; sourceTree = "<group>"; };
		1FA3C3F024EB11B700295FFA /* ViewController.swift */ = {isa = PBXFileReference; lastKnownFileType = sourcecode.swift; path = ViewController.swift; sourceTree = "<group>"; };
		1FA3C3F324EB11B700295FFA /* Base */ = {isa = PBXFileReference; lastKnownFileType = file.storyboard; name = Base; path = Base.lproj/Main.storyboard; sourceTree = "<group>"; };
		1FA3C3F524EB11BD00295FFA /* Assets.xcassets */ = {isa = PBXFileReference; lastKnownFileType = folder.assetcatalog; path = Assets.xcassets; sourceTree = "<group>"; };
		1FA3C3F824EB11BD00295FFA /* Base */ = {isa = PBXFileReference; lastKnownFileType = file.storyboard; name = Base; path = Base.lproj/LaunchScreen.storyboard; sourceTree = "<group>"; };
		1FA3C3FA24EB11BD00295FFA /* Info.plist */ = {isa = PBXFileReference; lastKnownFileType = text.plist.xml; path = Info.plist; sourceTree = "<group>"; };
/* End PBXFileReference section */

/* Begin PBXFrameworksBuildPhase section */
		1FA3C3E624EB11B700295FFA /* Frameworks */ = {
			isa = PBXFrameworksBuildPhase;
			buildActionMask = 2147483647;
			files = (
			);
			runOnlyForDeploymentPostprocessing = 0;
		};
/* End PBXFrameworksBuildPhase section */

/* Begin PBXGroup section */
		1FA3C3E024EB11B700295FFA = {
			isa = PBXGroup;
			children = (
				1FA3C3EB24EB11B700295FFA /* AroundTheMetro */,
				1FA3C3EA24EB11B700295FFA /* Products */,
			);
			sourceTree = "<group>";
		};
		1FA3C3EA24EB11B700295FFA /* Products */ = {
			isa = PBXGroup;
			children = (
				1FA3C3E924EB11B700295FFA /* AroundTheMetro.app */,
			);
			name = Products;
			sourceTree = "<group>";
		};
		1FA3C3EB24EB11B700295FFA /* AroundTheMetro */ = {
			isa = PBXGroup;
			children = (
				1FA3C3EC24EB11B700295FFA /* AppDelegate.swift */,
				1FA3C3EE24EB11B700295FFA /* SceneDelegate.swift */,
				1FA3C3F024EB11B700295FFA /* ViewController.swift */,
				1FA3C3F224EB11B700295FFA /* Main.storyboard */,
				1FA3C3F524EB11BD00295FFA /* Assets.xcassets */,
				1FA3C3F724EB11BD00295FFA /* LaunchScreen.storyboard */,
				1FA3C3FA24EB11BD00295FFA /* Info.plist */,
			);
			path = AroundTheMetro;
			sourceTree = "<group>";
		};
/* End PBXGroup section */

/* Begin PBXNativeTarget section */
		1FA3C3E824EB11B700295FFA /* AroundTheMetro */ = {
			isa = PBXNativeTarget;
			buildConfigurationList = 1FA3C3FD24EB11BD00295FFA /* Build configuration list for PBXNativeTarget "AroundTheMetro" */;
			buildPhases = (
				1FA3C3E524EB11B700295FFA /* Sources */,
				1FA3C3E624EB11B700295FFA /* Frameworks */,
				1FA3C3E724EB11B700295FFA /* Resources */,
			);
			buildRules = (
			);
			dependencies = (
			);
			name = AroundTheMetro;
			productName = AroundTheMetro;
			productReference = 1FA3C3E924EB11B700295FFA /* AroundTheMetro.app */;
			productType = "com.apple.product-type.application";
		};
/* End PBXNativeTarget section */

/* Begin PBXProject section */
		1FA3C3E124EB11B700295FFA /* Project object */ = {
			isa = PBXProject;
			attributes = {
				LastSwiftUpdateCheck = 1160;
				LastUpgradeCheck = 1160;
				ORGANIZATIONNAME = AugmentedDiscovery;
				TargetAttributes = {
					1FA3C3E824EB11B700295FFA = {
						CreatedOnToolsVersion = 11.6;
					};
				};
			};
			buildConfigurationList = 1FA3C3E424EB11B700295FFA /* Build configuration list for PBXProject "AroundTheMetro" */;
			compatibilityVersion = "Xcode 9.3";
			developmentRegion = en;
			hasScannedForEncodings = 0;
			knownRegions = (
				en,
				Base,
			);
			mainGroup = 1FA3C3E024EB11B700295FFA;
			productRefGroup = 1FA3C3EA24EB11B700295FFA /* Products */;
			projectDirPath = "";
			projectRoot = "";
			targets = (
				1FA3C3E824EB11B700295FFA /* AroundTheMetro */,
			);
		};
/* End PBXProject section */

/* Begin PBXResourcesBuildPhase section */
		1FA3C3E724EB11B700295FFA /* Resources */ = {
			isa = PBXResourcesBuildPhase;
			buildActionMask = 2147483647;
			files = (
				1FA3C3F924EB11BD00295FFA /* LaunchScreen.storyboard in Resources */,
				1FA3C3F624EB11BD00295FFA /* Assets.xcassets in Resources */,
				1FA3C3F424EB11B700295FFA /* Main.storyboard in Resources */,
			);
			runOnlyForDeploymentPostprocessing = 0;
		};
/* End PBXResourcesBuildPhase section */

/* Begin PBXSourcesBuildPhase section */
		1FA3C3E524EB11B700295FFA /* Sources */ = {
			isa = PBXSourcesBuildPhase;
			buildActionMask = 2147483647;
			files = (
				1FA3C3F124EB11B700295FFA /* ViewController.swift in Sources */,
				1FA3C3ED24EB11B700295FFA /* AppDelegate.swift in Sources */,
				1FA3C3EF24EB11B700295FFA /* SceneDelegate.swift in Sources */,
			);
			runOnlyForDeploymentPostprocessing = 0;
		};
/* End PBXSourcesBuildPhase section */

/* Begin PBXVariantGroup section */
		1FA3C3F224EB11B700295FFA /* Main.storyboard */ = {
			isa = PBXVariantGroup;
			children = (
				1FA3C3F324EB11B700295FFA /* Base */,
			);
			name = Main.storyboard;
			sourceTree = "<group>";
		};
		1FA3C3F724EB11BD00295FFA /* LaunchScreen.storyboard */ = {
			isa = PBXVariantGroup;
			children = (
				1FA3C3F824EB11BD00295FFA /* Base */,
			);
			name = LaunchScreen.storyboard;
			sourceTree = "<group>";
		};
/* End PBXVariantGroup section */

/* Begin XCBuildConfiguration section */
		1FA3C3FB24EB11BD00295FFA /* Debug */ = {
			isa = XCBuildConfiguration;
			buildSettings = {
				ALWAYS_SEARCH_USER_PATHS = NO;
				CLANG_ANALYZER_NONNULL = YES;
				CLANG_ANALYZER_NUMBER_OBJECT_CONVERSION = YES_AGGRESSIVE;
				CLANG_CXX_LANGUAGE_STANDARD = "gnu++14";
				CLANG_CXX_LIBRARY = "libc++";
				CLANG_ENABLE_MODULES = YES;
				CLANG_ENABLE_OBJC_ARC = YES;
				CLANG_ENABLE_OBJC_WEAK = YES;
				CLANG_WARN_BLOCK_CAPTURE_AUTORELEASING = YES;
				CLANG_WARN_BOOL_CONVERSION = YES;
				CLANG_WARN_COMMA = YES;
				CLANG_WARN_CONSTANT_CONVERSION = YES;
				CLANG_WARN_DEPRECATED_OBJC_IMPLEMENTATIONS = YES;
				CLANG_WARN_DIRECT_OBJC_ISA_USAGE = YES_ERROR;
				CLANG_WARN_DOCUMENTATION_COMMENTS = YES;
				CLANG_WARN_EMPTY_BODY = YES;
				CLANG_WARN_ENUM_CONVERSION = YES;
				CLANG_WARN_INFINITE_RECURSION = YES;
				CLANG_WARN_INT_CONVERSION = YES;
				CLANG_WARN_NON_LITERAL_NULL_CONVERSION = YES;
				CLANG_WARN_OBJC_IMPLICIT_RETAIN_SELF = YES;
				CLANG_WARN_OBJC_LITERAL_CONVERSION = YES;
				CLANG_WARN_OBJC_ROOT_CLASS = YES_ERROR;
				CLANG_WARN_RANGE_LOOP_ANALYSIS = YES;
				CLANG_WARN_STRICT_PROTOTYPES = YES;
				CLANG_WARN_SUSPICIOUS_MOVE = YES;
				CLANG_WARN_UNGUARDED_AVAILABILITY = YES_AGGRESSIVE;
				CLANG_WARN_UNREACHABLE_CODE = YES;
				CLANG_WARN__DUPLICATE_METHOD_MATCH = YES;
				COPY_PHASE_STRIP = NO;
				DEBUG_INFORMATION_FORMAT = dwarf;
				ENABLE_STRICT_OBJC_MSGSEND = YES;
				ENABLE_TESTABILITY = YES;
				GCC_C_LANGUAGE_STANDARD = gnu11;
				GCC_DYNAMIC_NO_PIC = NO;
				GCC_NO_COMMON_BLOCKS = YES;
				GCC_OPTIMIZATION_LEVEL = 0;
				GCC_PREPROCESSOR_DEFINITIONS = (
					"DEBUG=1",
					"$(inherited)",
				);
				GCC_WARN_64_TO_32_BIT_CONVERSION = YES;
				GCC_WARN_ABOUT_RETURN_TYPE = YES_ERROR;
				GCC_WARN_UNDECLARED_SELECTOR = YES;
				GCC_WARN_UNINITIALIZED_AUTOS = YES_AGGRESSIVE;
				GCC_WARN_UNUSED_FUNCTION = YES;
				GCC_WARN_UNUSED_VARIABLE = YES;
				IPHONEOS_DEPLOYMENT_TARGET = 13.6;
				MTL_ENABLE_DEBUG_INFO = INCLUDE_SOURCE;
				MTL_FAST_MATH = YES;
				ONLY_ACTIVE_ARCH = YES;
				SDKROOT = iphoneos;
				SWIFT_ACTIVE_COMPILATION_CONDITIONS = DEBUG;
				SWIFT_OPTIMIZATION_LEVEL = "-Onone";
			};
			name = Debug;
		};
		1FA3C3FC24EB11BD00295FFA /* Release */ = {
			isa = XCBuildConfiguration;
			buildSettings = {
				ALWAYS_SEARCH_USER_PATHS = NO;
				CLANG_ANALYZER_NONNULL = YES;
				CLANG_ANALYZER_NUMBER_OBJECT_CONVERSION = YES_AGGRESSIVE;
				CLANG_CXX_LANGUAGE_STANDARD = "gnu++14";
				CLANG_CXX_LIBRARY = "libc++";
				CLANG_ENABLE_MODULES = YES;
				CLANG_ENABLE_OBJC_ARC = YES;
				CLANG_ENABLE_OBJC_WEAK = YES;
				CLANG_WARN_BLOCK_CAPTURE_AUTORELEASING = YES;
				CLANG_WARN_BOOL_CONVERSION = YES;
				CLANG_WARN_COMMA = YES;
				CLANG_WARN_CONSTANT_CONVERSION = YES;
				CLANG_WARN_DEPRECATED_OBJC_IMPLEMENTATIONS = YES;
				CLANG_WARN_DIRECT_OBJC_ISA_USAGE = YES_ERROR;
				CLANG_WARN_DOCUMENTATION_COMMENTS = YES;
				CLANG_WARN_EMPTY_BODY = YES;
				CLANG_WARN_ENUM_CONVERSION = YES;
				CLANG_WARN_INFINITE_RECURSION = YES;
				CLANG_WARN_INT_CONVERSION = YES;
				CLANG_WARN_NON_LITERAL_NULL_CONVERSION = YES;
				CLANG_WARN_OBJC_IMPLICIT_RETAIN_SELF = YES;
				CLANG_WARN_OBJC_LITERAL_CONVERSION = YES;
				CLANG_WARN_OBJC_ROOT_CLASS = YES_ERROR;
				CLANG_WARN_RANGE_LOOP_ANALYSIS = YES;
				CLANG_WARN_STRICT_PROTOTYPES = YES;
				CLANG_WARN_SUSPICIOUS_MOVE = YES;
				CLANG_WARN_UNGUARDED_AVAILABILITY = YES_AGGRESSIVE;
				CLANG_WARN_UNREACHABLE_CODE = YES;
				CLANG_WARN__DUPLICATE_METHOD_MATCH = YES;
				COPY_PHASE_STRIP = NO;
				DEBUG_INFORMATION_FORMAT = "dwarf-with-dsym";
				ENABLE_NS_ASSERTIONS = NO;
				ENABLE_STRICT_OBJC_MSGSEND = YES;
				GCC_C_LANGUAGE_STANDARD = gnu11;
				GCC_NO_COMMON_BLOCKS = YES;
				GCC_WARN_64_TO_32_BIT_CONVERSION = YES;
				GCC_WARN_ABOUT_RETURN_TYPE = YES_ERROR;
				GCC_WARN_UNDECLARED_SELECTOR = YES;
				GCC_WARN_UNINITIALIZED_AUTOS = YES_AGGRESSIVE;
				GCC_WARN_UNUSED_FUNCTION = YES;
				GCC_WARN_UNUSED_VARIABLE = YES;
				IPHONEOS_DEPLOYMENT_TARGET = 13.6;
				MTL_ENABLE_DEBUG_INFO = NO;
				MTL_FAST_MATH = YES;
				SDKROOT = iphoneos;
				SWIFT_COMPILATION_MODE = wholemodule;
				SWIFT_OPTIMIZATION_LEVEL = "-O";
				VALIDATE_PRODUCT = YES;
			};
			name = Release;
		};
		1FA3C3FE24EB11BD00295FFA /* Debug */ = {
			isa = XCBuildConfiguration;
			buildSettings = {
				ASSETCATALOG_COMPILER_APPICON_NAME = AppIcon;
				CODE_SIGN_STYLE = Automatic;
				DEVELOPMENT_TEAM = 8TQ2NZ8693;
				INFOPLIST_FILE = AroundTheMetro/Info.plist;
				LD_RUNPATH_SEARCH_PATHS = (
					"$(inherited)",
					"@executable_path/Frameworks",
				);
				PRODUCT_BUNDLE_IDENTIFIER = com.AugmentedDiscovery.AroundTheMetro;
				PRODUCT_NAME = "$(TARGET_NAME)";
				SWIFT_VERSION = 5.0;
				TARGETED_DEVICE_FAMILY = "1,2";
			};
			name = Debug;
		};
		1FA3C3FF24EB11BD00295FFA /* Release */ = {
			isa = XCBuildConfiguration;
			buildSettings = {
				ASSETCATALOG_COMPILER_APPICON_NAME = AppIcon;
				CODE_SIGN_STYLE = Automatic;
				DEVELOPMENT_TEAM = 8TQ2NZ8693;
				INFOPLIST_FILE = AroundTheMetro/Info.plist;
				LD_RUNPATH_SEARCH_PATHS = (
					"$(inherited)",
					"@executable_path/Frameworks",
				);
				PRODUCT_BUNDLE_IDENTIFIER = com.AugmentedDiscovery.AroundTheMetro;
				PRODUCT_NAME = "$(TARGET_NAME)";
				SWIFT_VERSION = 5.0;
				TARGETED_DEVICE_FAMILY = "1,2";
			};
			name = Release;
		};
/* End XCBuildConfiguration section */

/* Begin XCConfigurationList section */
		1FA3C3E424EB11B700295FFA /* Build configuration list for PBXProject "AroundTheMetro" */ = {
			isa = XCConfigurationList;
			buildConfigurations = (
				1FA3C3FB24EB11BD00295FFA /* Debug */,
				1FA3C3FC24EB11BD00295FFA /* Release */,
			);
			defaultConfigurationIsVisible = 0;
			defaultConfigurationName = Release;
		};
		1FA3C3FD24EB11BD00295FFA /* Build configuration list for PBXNativeTarget "AroundTheMetro" */ = {
			isa = XCConfigurationList;
			buildConfigurations = (
				1FA3C3FE24EB11BD00295FFA /* Debug */,
				1FA3C3FF24EB11BD00295FFA /* Release */,
			);
			defaultConfigurationIsVisible = 0;
			defaultConfigurationName = Release;
		};
/* End XCConfigurationList section */
	};
	rootObject = 1FA3C3E124EB11B700295FFA /* Project object */;
}
